Microsoft Visual Studio Solution File, Format Version 11.00
# Visual Studio 2008

Project("{A24BA6BB-6F22-F061-AFA3-8FFDABAA3CC2}") = "Swimmer", "Assembly-CSharp.csproj", "{16FA3932-1A4C-2D7C-A76B-9F96C019432E}"
EndProject
Project("{A24BA6BB-6F22-F061-AFA3-8FFDABAA3CC2}") = "Swimmer", "Assembly-CSharp-Editor.csproj", "{F834511B-93D5-7408-DA82-71F43DB15191}"
EndProject
Global
	GlobalSection(SolutionConfigurationPlatforms) = preSolution
		Debug|Any CPU = Debug|Any CPU
		Release|Any CPU = Release|Any CPU
	EndGlobalSection
	GlobalSection(ProjectConfigurationPlatforms) = postSolution
		{16FA3932-1A4C-2D7C-A76B-9F96C019432E}.Debug|Any CPU.ActiveCfg = Debug|Any CPU
		{16FA3932-1A4C-2D7C-A76B-9F96C019432E}.Debug|Any CPU.Build.0 = Debug|Any CPU
		{16FA3932-1A4C-2D7C-A76B-9F96C019432E}.Release|Any CPU.ActiveCfg = Release|Any CPU
		{16FA3932-1A4C-2D7C-A76B-9F96C019432E}.Release|Any CPU.Build.0 = Release|Any CPU
		{F834511B-93D5-7408-DA82-71F43DB15191}.Debug|Any CPU.ActiveCfg = Debug|Any CPU
		{F834511B-93D5-7408-DA82-71F43DB15191}.Debug|Any CPU.Build.0 = Debug|Any CPU
		{F834511B-93D5-7408-DA82-71F43DB15191}.Release|Any CPU.ActiveCfg = Release|Any CPU
		{F834511B-93D5-7408-DA82-71F43DB15191}.Release|Any CPU.Build.0 = Release|Any CPU
	EndGlobalSection
	GlobalSection(SolutionProperties) = preSolution
		HideSolutionNode = FALSE
	EndGlobalSection
																																																		GlobalSection(MonoDevelopProperties) = preSolution
		StartupItem = Assembly-CSharp.csproj
		Policies = $0
		$0.TextStylePolicy = $1
		$1.inheritsSet = null
		$1.scope = text/x-csharp
		$0.CSharpFormattingPolicy = $2
		$2.inheritsSet = Mono
		$2.inheritsScope = text/x-csharp
		$2.scope = text/x-csharp
		$0.TextStylePolicy = $3
		$3.FileWidth = 120
		$3.TabWidth = 4
		$3.EolMarker = Unix
		$3.inheritsSet = Mono
		$3.inheritsScope = text/plain
		$3.scope = text/plain
	EndGlobalSection

EndGlobal
